// !$*UTF8*$!
{
	archiveVersion = 1;
	classes = {
	};
	objectVersion = 46;
	objects = {

/* Begin PBXBuildFile section */
		D6790BAA1C36E8C700958263 /* main.cpp in Sources */ = {isa = PBXBuildFile; fileRef = D6790BA91C36E8C700958263 /* main.cpp */; };
		D6B7DCEE1C373396004D527E /* cell.cpp in Sources */ = {isa = PBXBuildFile; fileRef = D6B7DCEC1C373396004D527E /* cell.cpp */; };
		D6B7DCF11C376514004D527E /* Puzzle.cpp in Sources */ = {isa = PBXBuildFile; fileRef = D6B7DCEF1C376514004D527E /* Puzzle.cpp */; };
		D6B7DCF41C41CE01004D527E /* BasicAlgorithm.cpp in Sources */ = {isa = PBXBuildFile; fileRef = D6B7DCF21C41CE01004D527E /* BasicAlgorithm.cpp */; };
/* End PBXBuildFile section */

/* Begin PBXCopyFilesBuildPhase section */
		D6790BA41C36E8C700958263 /* CopyFiles */ = {
			isa = PBXCopyFilesBuildPhase;
			buildActionMask = 2147483647;
			dstPath = /usr/share/man/man1/;
			dstSubfolderSpec = 0;
			files = (
			);
			runOnlyForDeploymentPostprocessing = 1;
		};
/* End PBXCopyFilesBuildPhase section */

/* Begin PBXFileReference section */
		D6790BA61C36E8C700958263 /* SudokuSolver */ = {isa = PBXFileReference; explicitFileType = "compiled.mach-o.executable"; includeInIndex = 0; path = SudokuSolver; sourceTree = BUILT_PRODUCTS_DIR; };
		D6790BA91C36E8C700958263 /* main.cpp */ = {isa = PBXFileReference; lastKnownFileType = sourcecode.cpp.cpp; path = main.cpp; sourceTree = "<group>"; };
		D6B7DCEC1C373396004D527E /* cell.cpp */ = {isa = PBXFileReference; fileEncoding = 4; lastKnownFileType = sourcecode.cpp.cpp; path = cell.cpp; sourceTree = "<group>"; };
		D6B7DCED1C373396004D527E /* cell.hpp */ = {isa = PBXFileReference; fileEncoding = 4; lastKnownFileType = sourcecode.cpp.h; path = cell.hpp; sourceTree = "<group>"; };
		D6B7DCEF1C376514004D527E /* Puzzle.cpp */ = {isa = PBXFileReference; fileEncoding = 4; lastKnownFileType = sourcecode.cpp.cpp; path = Puzzle.cpp; sourceTree = "<group>"; };
		D6B7DCF01C376514004D527E /* Puzzle.hpp */ = {isa = PBXFileReference; fileEncoding = 4; lastKnownFileType = sourcecode.cpp.h; path = Puzzle.hpp; sourceTree = "<group>"; };
		D6B7DCF21C41CE01004D527E /* BasicAlgorithm.cpp */ = {isa = PBXFileReference; fileEncoding = 4; lastKnownFileType = sourcecode.cpp.cpp; path = BasicAlgorithm.cpp; sourceTree = "<group>"; };
		D6B7DCF31C41CE01004D527E /* BasicAlgorithm.hpp */ = {isa = PBXFileReference; fileEncoding = 4; lastKnownFileType = sourcecode.cpp.h; path = BasicAlgorithm.hpp; sourceTree = "<group>"; };
/* End PBXFileReference section */

/* Begin PBXFrameworksBuildPhase section */
		D6790BA31C36E8C700958263 /* Frameworks */ = {
			isa = PBXFrameworksBuildPhase;
			buildActionMask = 2147483647;
			files = (
			);
			runOnlyForDeploymentPostprocessing = 0;
		};
/* End PBXFrameworksBuildPhase section */

/* Begin PBXGroup section */
		D6790B9D1C36E8C700958263 = {
			isa = PBXGroup;
			children = (
				D6790BA81C36E8C700958263 /* SudokuSolver */,
				D6790BA71C36E8C700958263 /* Products */,
			);
			sourceTree = "<group>";
		};
		D6790BA71C36E8C700958263 /* Products */ = {
			isa = PBXGroup;
			children = (
				D6790BA61C36E8C700958263 /* SudokuSolver */,
			);
			name = Products;
			sourceTree = "<group>";
		};
		D6790BA81C36E8C700958263 /* SudokuSolver */ = {
			isa = PBXGroup;
			children = (
				D6790BA91C36E8C700958263 /* main.cpp */,
				D6B7DCEC1C373396004D527E /* cell.cpp */,
				D6B7DCED1C373396004D527E /* cell.hpp */,
				D6B7DCEF1C376514004D527E /* Puzzle.cpp */,
				D6B7DCF01C376514004D527E /* Puzzle.hpp */,
				D6B7DCF21C41CE01004D527E /* BasicAlgorithm.cpp */,
				D6B7DCF31C41CE01004D527E /* BasicAlgorithm.hpp */,
			);
			path = SudokuSolver;
			sourceTree = "<group>";
		};
/* End PBXGroup section */

/* Begin PBXNativeTarget section */
		D6790BA51C36E8C700958263 /* SudokuSolver */ = {
			isa = PBXNativeTarget;
			buildConfigurationList = D6790BAD1C36E8C700958263 /* Build configuration list for PBXNativeTarget "SudokuSolver" */;
			buildPhases = (
				D6790BA21C36E8C700958263 /* Sources */,
				D6790BA31C36E8C700958263 /* Frameworks */,
				D6790BA41C36E8C700958263 /* CopyFiles */,
			);
			buildRules = (
			);
			dependencies = (
			);
			name = SudokuSolver;
			productName = SudokuSolver;
			productReference = D6790BA61C36E8C700958263 /* SudokuSolver */;
			productType = "com.apple.product-type.tool";
		};
/* End PBXNativeTarget section */

/* Begin PBXProject section */
		D6790B9E1C36E8C700958263 /* Project object */ = {
			isa = PBXProject;
			attributes = {
				LastUpgradeCheck = 0720;
				ORGANIZATIONNAME = "George  Dosher III";
				TargetAttributes = {
					D6790BA51C36E8C700958263 = {
						CreatedOnToolsVersion = 7.2;
					};
				};
			};
			buildConfigurationList = D6790BA11C36E8C700958263 /* Build configuration list for PBXProject "SudokuSolver" */;
			compatibilityVersion = "Xcode 3.2";
			developmentRegion = English;
			hasScannedForEncodings = 0;
			knownRegions = (
				en,
			);
			mainGroup = D6790B9D1C36E8C700958263;
			productRefGroup = D6790BA71C36E8C700958263 /* Products */;
			projectDirPath = "";
			projectRoot = "";
			targets = (
				D6790BA51C36E8C700958263 /* SudokuSolver */,
			);
		};
/* End PBXProject section */

/* Begin PBXSourcesBuildPhase section */
		D6790BA21C36E8C700958263 /* Sources */ = {
			isa = PBXSourcesBuildPhase;
			buildActionMask = 2147483647;
			files = (
				D6B7DCF41C41CE01004D527E /* BasicAlgorithm.cpp in Sources */,
				D6B7DCF11C376514004D527E /* Puzzle.cpp in Sources */,
				D6790BAA1C36E8C700958263 /* main.cpp in Sources */,
				D6B7DCEE1C373396004D527E /* cell.cpp in Sources */,
			);
			runOnlyForDeploymentPostprocessing = 0;
		};
/* End PBXSourcesBuildPhase section */

/* Begin XCBuildConfiguration section */
		D6790BAB1C36E8C700958263 /* Debug */ = {
			isa = XCBuildConfiguration;
			buildSettings = {
				ALWAYS_SEARCH_USER_PATHS = NO;
				CLANG_CXX_LANGUAGE_STANDARD = "gnu++0x";
				CLANG_CXX_LIBRARY = "libc++";
				CLANG_ENABLE_MODULES = YES;
				CLANG_ENABLE_OBJC_ARC = YES;
				CLANG_WARN_BOOL_CONVERSION = YES;
				CLANG_WARN_CONSTANT_CONVERSION = YES;
				CLANG_WARN_DIRECT_OBJC_ISA_USAGE = YES_ERROR;
				CLANG_WARN_EMPTY_BODY = YES;
				CLANG_WARN_ENUM_CONVERSION = YES;
				CLANG_WARN_INT_CONVERSION = YES;
				CLANG_WARN_OBJC_ROOT_CLASS = YES_ERROR;
				CLANG_WARN_UNREACHABLE_CODE = YES;
				CLANG_WARN__DUPLICATE_METHOD_MATCH = YES;
				CODE_SIGN_IDENTITY = "-";
				COPY_PHASE_STRIP = NO;
				DEBUG_INFORMATION_FORMAT = dwarf;
				ENABLE_STRICT_OBJC_MSGSEND = YES;
				ENABLE_TESTABILITY = YES;
				GCC_C_LANGUAGE_STANDARD = gnu99;
				GCC_DYNAMIC_NO_PIC = NO;
				GCC_NO_COMMON_BLOCKS = YES;
				GCC_OPTIMIZATION_LEVEL = 0;
				GCC_PREPROCESSOR_DEFINITIONS = (
					"DEBUG=1",
					"$(inherited)",
				);
				GCC_WARN_64_TO_32_BIT_CONVERSION = YES;
				GCC_WARN_ABOUT_RETURN_TYPE = YES_ERROR;
				GCC_WARN_UNDECLARED_SELECTOR = YES;
				GCC_WARN_UNINITIALIZED_AUTOS = YES_AGGRESSIVE;
				GCC_WARN_UNUSED_FUNCTION = YES;
				GCC_WARN_UNUSED_VARIABLE = YES;
				MACOSX_DEPLOYMENT_TARGET = 10.11;
				MTL_ENABLE_DEBUG_INFO = YES;
				ONLY_ACTIVE_ARCH = YES;
				SDKROOT = macosx;
			};
			name = Debug;
		};
		D6790BAC1C36E8C700958263 /* Release */ = {
			isa = XCBuildConfiguration;
			buildSettings = {
				ALWAYS_SEARCH_USER_PATHS = NO;
				CLANG_CXX_LANGUAGE_STANDARD = "gnu++0x";
				CLANG_CXX_LIBRARY = "libc++";
				CLANG_ENABLE_MODULES = YES;
				CLANG_ENABLE_OBJC_ARC = YES;
				CLANG_WARN_BOOL_CONVERSION = YES;
				CLANG_WARN_CONSTANT_CONVERSION = YES;
				CLANG_WARN_DIRECT_OBJC_ISA_USAGE = YES_ERROR;
				CLANG_WARN_EMPTY_BODY = YES;
				CLANG_WARN_ENUM_CONVERSION = YES;
				CLANG_WARN_INT_CONVERSION = YES;
				CLANG_WARN_OBJC_ROOT_CLASS = YES_ERROR;
				CLANG_WARN_UNREACHABLE_CODE = YES;
				CLANG_WARN__DUPLICATE_METHOD_MATCH = YES;
				CODE_SIGN_IDENTITY = "-";
				COPY_PHASE_STRIP = NO;
				DEBUG_INFORMATION_FORMAT = "dwarf-with-dsym";
				ENABLE_NS_ASSERTIONS = NO;
				ENABLE_STRICT_OBJC_MSGSEND = YES;
				GCC_C_LANGUAGE_STANDARD = gnu99;
				GCC_NO_COMMON_BLOCKS = YES;
				GCC_WARN_64_TO_32_BIT_CONVERSION = YES;
				GCC_WARN_ABOUT_RETURN_TYPE = YES_ERROR;
				GCC_WARN_UNDECLARED_SELECTOR = YES;
				GCC_WARN_UNINITIALIZED_AUTOS = YES_AGGRESSIVE;
				GCC_WARN_UNUSED_FUNCTION = YES;
				GCC_WARN_UNUSED_VARIABLE = YES;
				MACOSX_DEPLOYMENT_TARGET = 10.11;
				MTL_ENABLE_DEBUG_INFO = NO;
				SDKROOT = macosx;
			};
			name = Release;
		};
		D6790BAE1C36E8C700958263 /* Debug */ = {
			isa = XCBuildConfiguration;
			buildSettings = {
				PRODUCT_NAME = "$(TARGET_NAME)";
			};
			name = Debug;
		};
		D6790BAF1C36E8C700958263 /* Release */ = {
			isa = XCBuildConfiguration;
			buildSettings = {
				PRODUCT_NAME = "$(TARGET_NAME)";
			};
			name = Release;
		};
/* End XCBuildConfiguration section */

/* Begin XCConfigurationList section */
		D6790BA11C36E8C700958263 /* Build configuration list for PBXProject "SudokuSolver" */ = {
			isa = XCConfigurationList;
			buildConfigurations = (
				D6790BAB1C36E8C700958263 /* Debug */,
				D6790BAC1C36E8C700958263 /* Release */,
			);
			defaultConfigurationIsVisible = 0;
			defaultConfigurationName = Release;
		};
		D6790BAD1C36E8C700958263 /* Build configuration list for PBXNativeTarget "SudokuSolver" */ = {
			isa = XCConfigurationList;
			buildConfigurations = (
				D6790BAE1C36E8C700958263 /* Debug */,
				D6790BAF1C36E8C700958263 /* Release */,
			);
			defaultConfigurationIsVisible = 0;
			defaultConfigurationName = Release;
		};
/* End XCConfigurationList section */
	};
	rootObject = D6790B9E1C36E8C700958263 /* Project object */;
}
